
Microsoft Visual Studio Solution File, Format Version 12.00
# Visual Studio Version 16
VisualStudioVersion = 16.0.28714.193
MinimumVisualStudioVersion = 10.0.40219.1
Project("{FAE04EC0-301F-11D3-BF4B-00C04F79EFBC}") = "Bloom", "Bloom\Bloom.csproj", "{2B138DC7-F4D9-4118-A2EF-764AC11A5BE1}"
EndProject
Global
	GlobalSection(SolutionConfigurationPlatforms) = preSolution
		Debug|Any CPU = Debug|Any CPU
		Release|Any CPU = Release|Any CPU
	EndGlobalSection
	GlobalSection(ProjectConfigurationPlatforms) = postSolution
		{2B138DC7-F4D9-4118-A2EF-764AC11A5BE1}.Debug|Any CPU.ActiveCfg = Debug|Any CPU
		{2B138DC7-F4D9-4118-A2EF-764AC11A5BE1}.Debug|Any CPU.Build.0 = Debug|Any CPU
		{2B138DC7-F4D9-4118-A2EF-764AC11A5BE1}.Release|Any CPU.ActiveCfg = Release|Any CPU
		{2B138DC7-F4D9-4118-A2EF-764AC11A5BE1}.Release|Any CPU.Build.0 = Release|Any CPU
	EndGlobalSection
	GlobalSection(SolutionProperties) = preSolution
		HideSolutionNode = FALSE
	EndGlobalSection
	GlobalSection(ExtensibilityGlobals) = postSolution
		SolutionGuid = {9755AB7A-F88A-42FB-8D3B-ACFC9B21B19E}
	EndGlobalSection
EndGlobal
